{
  "name": "pdjr-skplugin-renotifier",
  "version": "1.0.1",
  "lockfileVersion": 1,
  "requires": true,
  "dependencies": {
    "baconjs": {
      "version": "3.0.17",
      "resolved": "https://registry.npmjs.org/baconjs/-/baconjs-3.0.17.tgz",
      "integrity": "sha512-XwhawE4gmO+NhMKZYmUSidk8ZjDhx5pfp9k/s5HM25S+k/YKajsakFOxbmUU1L9zbh1SarPbCobBuHhCMPFbCA=="
    },
    "sprintf-js": {
      "version": "1.1.2",
      "resolved": "https://registry.npmjs.org/sprintf-js/-/sprintf-js-1.1.2.tgz",
      "integrity": "sha512-VE0SOVEHCk7Qc8ulkWw3ntAzXuqf7S2lvwQaDLRnUeIEaKNQJzV6BwmLKhOqT61aGhfUMrXeaBk+oDGCzvhcug=="
    }
  }
}
