{
  "name": "pdjr-skplugin-renotifier",
  "version": "1.0.1",
  "lockfileVersion": 1,
  "requires": true,
  "dependencies": {
    "baconjs": {
      "version": "3.0.16",
      "resolved": "https://registry.npmjs.org/baconjs/-/baconjs-3.0.16.tgz",
      "integrity": "sha512-YtiJqPXRZfJj55nqSqyLCrAFCwNny6WS9jUs88B9TGRy4iSKXJ7bdnOqtG7iJL6++b9SQhQTgRl10ABW2OHViA=="
    },
    "sprintf-js": {
      "version": "1.1.2",
      "resolved": "https://registry.npmjs.org/sprintf-js/-/sprintf-js-1.1.2.tgz",
      "integrity": "sha512-VE0SOVEHCk7Qc8ulkWw3ntAzXuqf7S2lvwQaDLRnUeIEaKNQJzV6BwmLKhOqT61aGhfUMrXeaBk+oDGCzvhcug=="
    }
  }
}
